// !$*UTF8*$!
{
	archiveVersion = 1;
	classes = {
	};
	objectVersion = 46;
	objects = {

/* Begin PBXBuildFile section */
		1437834419D003DC005BBEBF /* main.m in Sources */ = {isa = PBXBuildFile; fileRef = 1437834319D003DC005BBEBF /* main.m */; };
		1437834719D003DC005BBEBF /* AppDelegate.m in Sources */ = {isa = PBXBuildFile; fileRef = 1437834619D003DC005BBEBF /* AppDelegate.m */; };
		1437834A19D003DC005BBEBF /* ViewController.m in Sources */ = {isa = PBXBuildFile; fileRef = 1437834919D003DC005BBEBF /* ViewController.m */; };
		1437834D19D003DC005BBEBF /* Main.storyboard in Resources */ = {isa = PBXBuildFile; fileRef = 1437834B19D003DC005BBEBF /* Main.storyboard */; };
		1437834F19D003DD005BBEBF /* Images.xcassets in Resources */ = {isa = PBXBuildFile; fileRef = 1437834E19D003DD005BBEBF /* Images.xcassets */; };
		1437835219D003DD005BBEBF /* LaunchScreen.xib in Resources */ = {isa = PBXBuildFile; fileRef = 1437835019D003DD005BBEBF /* LaunchScreen.xib */; };
		1437835E19D003DD005BBEBF /* HandoffSampleTests.m in Sources */ = {isa = PBXBuildFile; fileRef = 1437835D19D003DD005BBEBF /* HandoffSampleTests.m */; };
/* End PBXBuildFile section */

/* Begin PBXContainerItemProxy section */
		1437835819D003DD005BBEBF /* PBXContainerItemProxy */ = {
			isa = PBXContainerItemProxy;
			containerPortal = 1437833619D003DC005BBEBF /* Project object */;
			proxyType = 1;
			remoteGlobalIDString = 1437833D19D003DC005BBEBF;
			remoteInfo = HandoffSample;
		};
/* End PBXContainerItemProxy section */

/* Begin PBXFileReference section */
		1437833E19D003DC005BBEBF /* HandoffSample.app */ = {isa = PBXFileReference; explicitFileType = wrapper.application; includeInIndex = 0; path = HandoffSample.app; sourceTree = BUILT_PRODUCTS_DIR; };
		1437834219D003DC005BBEBF /* Info.plist */ = {isa = PBXFileReference; lastKnownFileType = text.plist.xml; path = Info.plist; sourceTree = "<group>"; };
		1437834319D003DC005BBEBF /* main.m */ = {isa = PBXFileReference; lastKnownFileType = sourcecode.c.objc; path = main.m; sourceTree = "<group>"; };
		1437834519D003DC005BBEBF /* AppDelegate.h */ = {isa = PBXFileReference; lastKnownFileType = sourcecode.c.h; path = AppDelegate.h; sourceTree = "<group>"; };
		1437834619D003DC005BBEBF /* AppDelegate.m */ = {isa = PBXFileReference; lastKnownFileType = sourcecode.c.objc; path = AppDelegate.m; sourceTree = "<group>"; };
		1437834819D003DC005BBEBF /* ViewController.h */ = {isa = PBXFileReference; lastKnownFileType = sourcecode.c.h; path = ViewController.h; sourceTree = "<group>"; };
		1437834919D003DC005BBEBF /* ViewController.m */ = {isa = PBXFileReference; lastKnownFileType = sourcecode.c.objc; path = ViewController.m; sourceTree = "<group>"; };
		1437834C19D003DC005BBEBF /* Base */ = {isa = PBXFileReference; lastKnownFileType = file.storyboard; name = Base; path = Base.lproj/Main.storyboard; sourceTree = "<group>"; };
		1437834E19D003DD005BBEBF /* Images.xcassets */ = {isa = PBXFileReference; lastKnownFileType = folder.assetcatalog; path = Images.xcassets; sourceTree = "<group>"; };
		1437835119D003DD005BBEBF /* Base */ = {isa = PBXFileReference; lastKnownFileType = file.xib; name = Base; path = Base.lproj/LaunchScreen.xib; sourceTree = "<group>"; };
		1437835719D003DD005BBEBF /* HandoffSampleTests.xctest */ = {isa = PBXFileReference; explicitFileType = wrapper.cfbundle; includeInIndex = 0; path = HandoffSampleTests.xctest; sourceTree = BUILT_PRODUCTS_DIR; };
		1437835C19D003DD005BBEBF /* Info.plist */ = {isa = PBXFileReference; lastKnownFileType = text.plist.xml; path = Info.plist; sourceTree = "<group>"; };
		1437835D19D003DD005BBEBF /* HandoffSampleTests.m */ = {isa = PBXFileReference; lastKnownFileType = sourcecode.c.objc; path = HandoffSampleTests.m; sourceTree = "<group>"; };
		1450744419D5AAF5006EBC14 /* HandoffSample.entitlements */ = {isa = PBXFileReference; lastKnownFileType = text.xml; path = HandoffSample.entitlements; sourceTree = "<group>"; };
/* End PBXFileReference section */

/* Begin PBXFrameworksBuildPhase section */
		1437833B19D003DC005BBEBF /* Frameworks */ = {
			isa = PBXFrameworksBuildPhase;
			buildActionMask = 2147483647;
			files = (
			);
			runOnlyForDeploymentPostprocessing = 0;
		};
		1437835419D003DD005BBEBF /* Frameworks */ = {
			isa = PBXFrameworksBuildPhase;
			buildActionMask = 2147483647;
			files = (
			);
			runOnlyForDeploymentPostprocessing = 0;
		};
/* End PBXFrameworksBuildPhase section */

/* Begin PBXGroup section */
		1437833519D003DC005BBEBF = {
			isa = PBXGroup;
			children = (
				1437834019D003DC005BBEBF /* HandoffSample */,
				1437835A19D003DD005BBEBF /* HandoffSampleTests */,
				1437833F19D003DC005BBEBF /* Products */,
			);
			sourceTree = "<group>";
		};
		1437833F19D003DC005BBEBF /* Products */ = {
			isa = PBXGroup;
			children = (
				1437833E19D003DC005BBEBF /* HandoffSample.app */,
				1437835719D003DD005BBEBF /* HandoffSampleTests.xctest */,
			);
			name = Products;
			sourceTree = "<group>";
		};
		1437834019D003DC005BBEBF /* HandoffSample */ = {
			isa = PBXGroup;
			children = (
				1450744419D5AAF5006EBC14 /* HandoffSample.entitlements */,
				1437834519D003DC005BBEBF /* AppDelegate.h */,
				1437834619D003DC005BBEBF /* AppDelegate.m */,
				1437834819D003DC005BBEBF /* ViewController.h */,
				1437834919D003DC005BBEBF /* ViewController.m */,
				1437834B19D003DC005BBEBF /* Main.storyboard */,
				1437834E19D003DD005BBEBF /* Images.xcassets */,
				1437835019D003DD005BBEBF /* LaunchScreen.xib */,
				1437834119D003DC005BBEBF /* Supporting Files */,
			);
			path = HandoffSample;
			sourceTree = "<group>";
		};
		1437834119D003DC005BBEBF /* Supporting Files */ = {
			isa = PBXGroup;
			children = (
				1437834219D003DC005BBEBF /* Info.plist */,
				1437834319D003DC005BBEBF /* main.m */,
			);
			name = "Supporting Files";
			sourceTree = "<group>";
		};
		1437835A19D003DD005BBEBF /* HandoffSampleTests */ = {
			isa = PBXGroup;
			children = (
				1437835D19D003DD005BBEBF /* HandoffSampleTests.m */,
				1437835B19D003DD005BBEBF /* Supporting Files */,
			);
			path = HandoffSampleTests;
			sourceTree = "<group>";
		};
		1437835B19D003DD005BBEBF /* Supporting Files */ = {
			isa = PBXGroup;
			children = (
				1437835C19D003DD005BBEBF /* Info.plist */,
			);
			name = "Supporting Files";
			sourceTree = "<group>";
		};
/* End PBXGroup section */

/* Begin PBXNativeTarget section */
		1437833D19D003DC005BBEBF /* HandoffSample */ = {
			isa = PBXNativeTarget;
			buildConfigurationList = 1437836119D003DD005BBEBF /* Build configuration list for PBXNativeTarget "HandoffSample" */;
			buildPhases = (
				1437833A19D003DC005BBEBF /* Sources */,
				1437833B19D003DC005BBEBF /* Frameworks */,
				1437833C19D003DC005BBEBF /* Resources */,
			);
			buildRules = (
			);
			dependencies = (
			);
			name = HandoffSample;
			productName = HandoffSample;
			productReference = 1437833E19D003DC005BBEBF /* HandoffSample.app */;
			productType = "com.apple.product-type.application";
		};
		1437835619D003DD005BBEBF /* HandoffSampleTests */ = {
			isa = PBXNativeTarget;
			buildConfigurationList = 1437836419D003DD005BBEBF /* Build configuration list for PBXNativeTarget "HandoffSampleTests" */;
			buildPhases = (
				1437835319D003DD005BBEBF /* Sources */,
				1437835419D003DD005BBEBF /* Frameworks */,
				1437835519D003DD005BBEBF /* Resources */,
			);
			buildRules = (
			);
			dependencies = (
				1437835919D003DD005BBEBF /* PBXTargetDependency */,
			);
			name = HandoffSampleTests;
			productName = HandoffSampleTests;
			productReference = 1437835719D003DD005BBEBF /* HandoffSampleTests.xctest */;
			productType = "com.apple.product-type.bundle.unit-test";
		};
/* End PBXNativeTarget section */

/* Begin PBXProject section */
		1437833619D003DC005BBEBF /* Project object */ = {
			isa = PBXProject;
			attributes = {
				LastUpgradeCheck = 0600;
				ORGANIZATIONNAME = sonson;
				TargetAttributes = {
					1437833D19D003DC005BBEBF = {
						CreatedOnToolsVersion = 6.0.1;
						DevelopmentTeam = JP866VWWSD;
						SystemCapabilities = {
							com.apple.SafariKeychain = {
								enabled = 1;
							};
						};
					};
					1437835619D003DD005BBEBF = {
						CreatedOnToolsVersion = 6.0.1;
						TestTargetID = 1437833D19D003DC005BBEBF;
					};
				};
			};
			buildConfigurationList = 1437833919D003DC005BBEBF /* Build configuration list for PBXProject "HandoffSample" */;
			compatibilityVersion = "Xcode 3.2";
			developmentRegion = English;
			hasScannedForEncodings = 0;
			knownRegions = (
				en,
				Base,
			);
			mainGroup = 1437833519D003DC005BBEBF;
			productRefGroup = 1437833F19D003DC005BBEBF /* Products */;
			projectDirPath = "";
			projectRoot = "";
			targets = (
				1437833D19D003DC005BBEBF /* HandoffSample */,
				1437835619D003DD005BBEBF /* HandoffSampleTests */,
			);
		};
/* End PBXProject section */

/* Begin PBXResourcesBuildPhase section */
		1437833C19D003DC005BBEBF /* Resources */ = {
			isa = PBXResourcesBuildPhase;
			buildActionMask = 2147483647;
			files = (
				1437834D19D003DC005BBEBF /* Main.storyboard in Resources */,
				1437835219D003DD005BBEBF /* LaunchScreen.xib in Resources */,
				1437834F19D003DD005BBEBF /* Images.xcassets in Resources */,
			);
			runOnlyForDeploymentPostprocessing = 0;
		};
		1437835519D003DD005BBEBF /* Resources */ = {
			isa = PBXResourcesBuildPhase;
			buildActionMask = 2147483647;
			files = (
			);
			runOnlyForDeploymentPostprocessing = 0;
		};
/* End PBXResourcesBuildPhase section */

/* Begin PBXSourcesBuildPhase section */
		1437833A19D003DC005BBEBF /* Sources */ = {
			isa = PBXSourcesBuildPhase;
			buildActionMask = 2147483647;
			files = (
				1437834A19D003DC005BBEBF /* ViewController.m in Sources */,
				1437834719D003DC005BBEBF /* AppDelegate.m in Sources */,
				1437834419D003DC005BBEBF /* main.m in Sources */,
			);
			runOnlyForDeploymentPostprocessing = 0;
		};
		1437835319D003DD005BBEBF /* Sources */ = {
			isa = PBXSourcesBuildPhase;
			buildActionMask = 2147483647;
			files = (
				1437835E19D003DD005BBEBF /* HandoffSampleTests.m in Sources */,
			);
			runOnlyForDeploymentPostprocessing = 0;
		};
/* End PBXSourcesBuildPhase section */

/* Begin PBXTargetDependency section */
		1437835919D003DD005BBEBF /* PBXTargetDependency */ = {
			isa = PBXTargetDependency;
			target = 1437833D19D003DC005BBEBF /* HandoffSample */;
			targetProxy = 1437835819D003DD005BBEBF /* PBXContainerItemProxy */;
		};
/* End PBXTargetDependency section */

/* Begin PBXVariantGroup section */
		1437834B19D003DC005BBEBF /* Main.storyboard */ = {
			isa = PBXVariantGroup;
			children = (
				1437834C19D003DC005BBEBF /* Base */,
			);
			name = Main.storyboard;
			sourceTree = "<group>";
		};
		1437835019D003DD005BBEBF /* LaunchScreen.xib */ = {
			isa = PBXVariantGroup;
			children = (
				1437835119D003DD005BBEBF /* Base */,
			);
			name = LaunchScreen.xib;
			sourceTree = "<group>";
		};
/* End PBXVariantGroup section */

/* Begin XCBuildConfiguration section */
		1437835F19D003DD005BBEBF /* Debug */ = {
			isa = XCBuildConfiguration;
			buildSettings = {
				ALWAYS_SEARCH_USER_PATHS = NO;
				CLANG_CXX_LANGUAGE_STANDARD = "gnu++0x";
				CLANG_CXX_LIBRARY = "libc++";
				CLANG_ENABLE_MODULES = YES;
				CLANG_ENABLE_OBJC_ARC = YES;
				CLANG_WARN_BOOL_CONVERSION = YES;
				CLANG_WARN_CONSTANT_CONVERSION = YES;
				CLANG_WARN_DIRECT_OBJC_ISA_USAGE = YES_ERROR;
				CLANG_WARN_EMPTY_BODY = YES;
				CLANG_WARN_ENUM_CONVERSION = YES;
				CLANG_WARN_INT_CONVERSION = YES;
				CLANG_WARN_OBJC_ROOT_CLASS = YES_ERROR;
				CLANG_WARN_UNREACHABLE_CODE = YES;
				CLANG_WARN__DUPLICATE_METHOD_MATCH = YES;
				"CODE_SIGN_IDENTITY[sdk=iphoneos*]" = "iPhone Developer";
				COPY_PHASE_STRIP = NO;
				ENABLE_STRICT_OBJC_MSGSEND = YES;
				GCC_C_LANGUAGE_STANDARD = gnu99;
				GCC_DYNAMIC_NO_PIC = NO;
				GCC_OPTIMIZATION_LEVEL = 0;
				GCC_PREPROCESSOR_DEFINITIONS = (
					"DEBUG=1",
					"$(inherited)",
				);
				GCC_SYMBOLS_PRIVATE_EXTERN = NO;
				GCC_WARN_64_TO_32_BIT_CONVERSION = YES;
				GCC_WARN_ABOUT_RETURN_TYPE = YES_ERROR;
				GCC_WARN_UNDECLARED_SELECTOR = YES;
				GCC_WARN_UNINITIALIZED_AUTOS = YES_AGGRESSIVE;
				GCC_WARN_UNUSED_FUNCTION = YES;
				GCC_WARN_UNUSED_VARIABLE = YES;
				IPHONEOS_DEPLOYMENT_TARGET = 8.0;
				MTL_ENABLE_DEBUG_INFO = YES;
				ONLY_ACTIVE_ARCH = YES;
				SDKROOT = iphoneos;
				TARGETED_DEVICE_FAMILY = "1,2";
			};
			name = Debug;
		};
		1437836019D003DD005BBEBF /* Release */ = {
			isa = XCBuildConfiguration;
			buildSettings = {
				ALWAYS_SEARCH_USER_PATHS = NO;
				CLANG_CXX_LANGUAGE_STANDARD = "gnu++0x";
				CLANG_CXX_LIBRARY = "libc++";
				CLANG_ENABLE_MODULES = YES;
				CLANG_ENABLE_OBJC_ARC = YES;
				CLANG_WARN_BOOL_CONVERSION = YES;
				CLANG_WARN_CONSTANT_CONVERSION = YES;
				CLANG_WARN_DIRECT_OBJC_ISA_USAGE = YES_ERROR;
				CLANG_WARN_EMPTY_BODY = YES;
				CLANG_WARN_ENUM_CONVERSION = YES;
				CLANG_WARN_INT_CONVERSION = YES;
				CLANG_WARN_OBJC_ROOT_CLASS = YES_ERROR;
				CLANG_WARN_UNREACHABLE_CODE = YES;
				CLANG_WARN__DUPLICATE_METHOD_MATCH = YES;
				"CODE_SIGN_IDENTITY[sdk=iphoneos*]" = "iPhone Developer";
				COPY_PHASE_STRIP = YES;
				ENABLE_NS_ASSERTIONS = NO;
				ENABLE_STRICT_OBJC_MSGSEND = YES;
				GCC_C_LANGUAGE_STANDARD = gnu99;
				GCC_WARN_64_TO_32_BIT_CONVERSION = YES;
				GCC_WARN_ABOUT_RETURN_TYPE = YES_ERROR;
				GCC_WARN_UNDECLARED_SELECTOR = YES;
				GCC_WARN_UNINITIALIZED_AUTOS = YES_AGGRESSIVE;
				GCC_WARN_UNUSED_FUNCTION = YES;
				GCC_WARN_UNUSED_VARIABLE = YES;
				IPHONEOS_DEPLOYMENT_TARGET = 8.0;
				MTL_ENABLE_DEBUG_INFO = NO;
				SDKROOT = iphoneos;
				TARGETED_DEVICE_FAMILY = "1,2";
				VALIDATE_PRODUCT = YES;
			};
			name = Release;
		};
		1437836219D003DD005BBEBF /* Debug */ = {
			isa = XCBuildConfiguration;
			buildSettings = {
				ASSETCATALOG_COMPILER_APPICON_NAME = AppIcon;
				CODE_SIGN_ENTITLEMENTS = HandoffSample/HandoffSample.entitlements;
				CODE_SIGN_IDENTITY = "iPhone Developer";
				"CODE_SIGN_IDENTITY[sdk=iphoneos*]" = "iPhone Developer";
				INFOPLIST_FILE = HandoffSample/Info.plist;
				LD_RUNPATH_SEARCH_PATHS = "$(inherited) @executable_path/Frameworks";
				PRODUCT_NAME = "$(TARGET_NAME)";
				PROVISIONING_PROFILE = "df18d80e-5711-4db2-8b77-fd1c9693d19b";
			};
			name = Debug;
		};
		1437836319D003DD005BBEBF /* Release */ = {
			isa = XCBuildConfiguration;
			buildSettings = {
				ASSETCATALOG_COMPILER_APPICON_NAME = AppIcon;
				CODE_SIGN_ENTITLEMENTS = HandoffSample/HandoffSample.entitlements;
				CODE_SIGN_IDENTITY = "iPhone Developer";
				"CODE_SIGN_IDENTITY[sdk=iphoneos*]" = "iPhone Developer";
				INFOPLIST_FILE = HandoffSample/Info.plist;
				LD_RUNPATH_SEARCH_PATHS = "$(inherited) @executable_path/Frameworks";
				PRODUCT_NAME = "$(TARGET_NAME)";
				PROVISIONING_PROFILE = "df18d80e-5711-4db2-8b77-fd1c9693d19b";
			};
			name = Release;
		};
		1437836519D003DD005BBEBF /* Debug */ = {
			isa = XCBuildConfiguration;
			buildSettings = {
				BUNDLE_LOADER = "$(TEST_HOST)";
				FRAMEWORK_SEARCH_PATHS = (
					"$(SDKROOT)/Developer/Library/Frameworks",
					"$(inherited)",
				);
				GCC_PREPROCESSOR_DEFINITIONS = (
					"DEBUG=1",
					"$(inherited)",
				);
				INFOPLIST_FILE = HandoffSampleTests/Info.plist;
				LD_RUNPATH_SEARCH_PATHS = "$(inherited) @executable_path/Frameworks @loader_path/Frameworks";
				PRODUCT_NAME = "$(TARGET_NAME)";
				TEST_HOST = "$(BUILT_PRODUCTS_DIR)/HandoffSample.app/HandoffSample";
			};
			name = Debug;
		};
		1437836619D003DD005BBEBF /* Release */ = {
			isa = XCBuildConfiguration;
			buildSettings = {
				BUNDLE_LOADER = "$(TEST_HOST)";
				FRAMEWORK_SEARCH_PATHS = (
					"$(SDKROOT)/Developer/Library/Frameworks",
					"$(inherited)",
				);
				INFOPLIST_FILE = HandoffSampleTests/Info.plist;
				LD_RUNPATH_SEARCH_PATHS = "$(inherited) @executable_path/Frameworks @loader_path/Frameworks";
				PRODUCT_NAME = "$(TARGET_NAME)";
				TEST_HOST = "$(BUILT_PRODUCTS_DIR)/HandoffSample.app/HandoffSample";
			};
			name = Release;
		};
/* End XCBuildConfiguration section */

/* Begin XCConfigurationList section */
		1437833919D003DC005BBEBF /* Build configuration list for PBXProject "HandoffSample" */ = {
			isa = XCConfigurationList;
			buildConfigurations = (
				1437835F19D003DD005BBEBF /* Debug */,
				1437836019D003DD005BBEBF /* Release */,
			);
			defaultConfigurationIsVisible = 0;
			defaultConfigurationName = Release;
		};
		1437836119D003DD005BBEBF /* Build configuration list for PBXNativeTarget "HandoffSample" */ = {
			isa = XCConfigurationList;
			buildConfigurations = (
				1437836219D003DD005BBEBF /* Debug */,
				1437836319D003DD005BBEBF /* Release */,
			);
			defaultConfigurationIsVisible = 0;
			defaultConfigurationName = Release;
		};
		1437836419D003DD005BBEBF /* Build configuration list for PBXNativeTarget "HandoffSampleTests" */ = {
			isa = XCConfigurationList;
			buildConfigurations = (
				1437836519D003DD005BBEBF /* Debug */,
				1437836619D003DD005BBEBF /* Release */,
			);
			defaultConfigurationIsVisible = 0;
			defaultConfigurationName = Release;
		};
/* End XCConfigurationList section */
	};
	rootObject = 1437833619D003DC005BBEBF /* Project object */;
}
